
Microsoft Visual Studio Solution File, Format Version 12.00
# Visual Studio 15
VisualStudioVersion = 15.0.28010.2050
MinimumVisualStudioVersion = 10.0.40219.1
Project("{2150E333-8FDC-42A3-9474-1A3956D46DE8}") = "Solution Items", "Solution Items", "{7A02E1C5-3232-4153-893C-DC707F836116}"
	ProjectSection(SolutionItems) = preProject
		README.md = README.md
	EndProjectSection
EndProject
Project("{FAE04EC0-301F-11D3-BF4B-00C04F79EFBC}") = "SQLite_DBFirst_IoC_Unity", "SQLite_DBFirst_IoC_Unity\SQLite_DBFirst_IoC_Unity.csproj", "{925A53CD-3090-4369-85E0-B71600A74C48}"
EndProject
Global
	GlobalSection(SolutionConfigurationPlatforms) = preSolution
		Debug|ARM = Debug|ARM
		Debug|x64 = Debug|x64
		Debug|x86 = Debug|x86
		Release|ARM = Release|ARM
		Release|x64 = Release|x64
		Release|x86 = Release|x86
	EndGlobalSection
	GlobalSection(ProjectConfigurationPlatforms) = postSolution
		{925A53CD-3090-4369-85E0-B71600A74C48}.Debug|ARM.ActiveCfg = Debug|ARM
		{925A53CD-3090-4369-85E0-B71600A74C48}.Debug|ARM.Build.0 = Debug|ARM
		{925A53CD-3090-4369-85E0-B71600A74C48}.Debug|ARM.Deploy.0 = Debug|ARM
		{925A53CD-3090-4369-85E0-B71600A74C48}.Debug|x64.ActiveCfg = Debug|x64
		{925A53CD-3090-4369-85E0-B71600A74C48}.Debug|x64.Build.0 = Debug|x64
		{925A53CD-3090-4369-85E0-B71600A74C48}.Debug|x64.Deploy.0 = Debug|x64
		{925A53CD-3090-4369-85E0-B71600A74C48}.Debug|x86.ActiveCfg = Debug|x86
		{925A53CD-3090-4369-85E0-B71600A74C48}.Debug|x86.Build.0 = Debug|x86
		{925A53CD-3090-4369-85E0-B71600A74C48}.Debug|x86.Deploy.0 = Debug|x86
		{925A53CD-3090-4369-85E0-B71600A74C48}.Release|ARM.ActiveCfg = Release|ARM
		{925A53CD-3090-4369-85E0-B71600A74C48}.Release|ARM.Build.0 = Release|ARM
		{925A53CD-3090-4369-85E0-B71600A74C48}.Release|ARM.Deploy.0 = Release|ARM
		{925A53CD-3090-4369-85E0-B71600A74C48}.Release|x64.ActiveCfg = Release|x64
		{925A53CD-3090-4369-85E0-B71600A74C48}.Release|x64.Build.0 = Release|x64
		{925A53CD-3090-4369-85E0-B71600A74C48}.Release|x64.Deploy.0 = Release|x64
		{925A53CD-3090-4369-85E0-B71600A74C48}.Release|x86.ActiveCfg = Release|x86
		{925A53CD-3090-4369-85E0-B71600A74C48}.Release|x86.Build.0 = Release|x86
		{925A53CD-3090-4369-85E0-B71600A74C48}.Release|x86.Deploy.0 = Release|x86
	EndGlobalSection
	GlobalSection(SolutionProperties) = preSolution
		HideSolutionNode = FALSE
	EndGlobalSection
	GlobalSection(ExtensibilityGlobals) = postSolution
		SolutionGuid = {E1B3CB9C-DF2B-4896-9E28-7A03B7E62FD4}
	EndGlobalSection
EndGlobal
